
Microsoft Visual Studio Solution File, Format Version 11.00
# Visual Studio 2010
Project("{8BC9CEB8-8B4A-11D0-8D11-00A0C91BC942}") = "Unity_Plugin_ART_5_1", "Unity_Plugin_ART_5_1\Unity_Plugin_ART_5_1.vcxproj", "{3CDC9990-15C3-4F04-A7DB-17B854E7318B}"
EndProject
Global
	GlobalSection(SolutionConfigurationPlatforms) = preSolution
		Debug|Win32 = Debug|Win32
		Release|Win32 = Release|Win32
	EndGlobalSection
	GlobalSection(ProjectConfigurationPlatforms) = postSolution
		{3CDC9990-15C3-4F04-A7DB-17B854E7318B}.Debug|Win32.ActiveCfg = Debug|Win32
		{3CDC9990-15C3-4F04-A7DB-17B854E7318B}.Debug|Win32.Build.0 = Debug|Win32
		{3CDC9990-15C3-4F04-A7DB-17B854E7318B}.Release|Win32.ActiveCfg = Release|Win32
		{3CDC9990-15C3-4F04-A7DB-17B854E7318B}.Release|Win32.Build.0 = Release|Win32
	EndGlobalSection
	GlobalSection(SolutionProperties) = preSolution
		HideSolutionNode = FALSE
	EndGlobalSection
EndGlobal
